// !$*UTF8*$!
{
	archiveVersion = 1;
	classes = {
	};
	objectVersion = 51;
	objects = {

/* Begin PBXBuildFile section */
		25350E070D76EFA3830E3CA1 /* Pods_Clinic.framework in Frameworks */ = {isa = PBXBuildFile; fileRef = 1DEDF164A482F8F2A638F135 /* Pods_Clinic.framework */; };
		6618833027843A2B001B11E9 /* VisitHistoryTableVC.swift in Sources */ = {isa = PBXBuildFile; fileRef = 6618832E27843A2B001B11E9 /* VisitHistoryTableVC.swift */; };
		6618833327843B51001B11E9 /* VisitHistoryTableUserVC.swift in Sources */ = {isa = PBXBuildFile; fileRef = 6618833227843B51001B11E9 /* VisitHistoryTableUserVC.swift */; };
		661C363D277C3E5F000D8DF4 /* UITextField+Ext.swift in Sources */ = {isa = PBXBuildFile; fileRef = 661C363C277C3E5F000D8DF4 /* UITextField+Ext.swift */; };
		661E2127277C4F4800ACA852 /* Error+Ext.swift in Sources */ = {isa = PBXBuildFile; fileRef = 661E2126277C4F4800ACA852 /* Error+Ext.swift */; };
		663A16E52771AEBA00002D9A /* AddBookVC.swift in Sources */ = {isa = PBXBuildFile; fileRef = 663A16E42771AEBA00002D9A /* AddBookVC.swift */; };
		663FF486276F0F900012D275 /* LocationClinicVC.swift in Sources */ = {isa = PBXBuildFile; fileRef = 663FF485276F0F900012D275 /* LocationClinicVC.swift */; };
		663FF488276F0FD20012D275 /* EditLocationVC.swift in Sources */ = {isa = PBXBuildFile; fileRef = 663FF487276F0FD20012D275 /* EditLocationVC.swift */; };
		6643207A2769E24800C137C1 /* DoctorsTableVC.swift in Sources */ = {isa = PBXBuildFile; fileRef = 664320792769E24800C137C1 /* DoctorsTableVC.swift */; };
		6643207C2769F92500C137C1 /* UIViewController+Ext.swift in Sources */ = {isa = PBXBuildFile; fileRef = 6643207B2769F92500C137C1 /* UIViewController+Ext.swift */; };
		664A3370276F580B0050EDB3 /* LocationModel.swift in Sources */ = {isa = PBXBuildFile; fileRef = 664A336F276F580B0050EDB3 /* LocationModel.swift */; };
		664A33722770EEA70050EDB3 /* CellProtocol.swift in Sources */ = {isa = PBXBuildFile; fileRef = 664A33712770EEA70050EDB3 /* CellProtocol.swift */; };
		6650BEC727874E3E00CE6C06 /* AdminHomeVC.swift in Sources */ = {isa = PBXBuildFile; fileRef = 6650BEC627874E3E00CE6C06 /* AdminHomeVC.swift */; };
		6679F185276A44DC0031ECA5 /* TableViewCell.swift in Sources */ = {isa = PBXBuildFile; fileRef = 6679F183276A44DC0031ECA5 /* TableViewCell.swift */; };
		667F0DFE27730B6C008A7321 /* BookVC.swift in Sources */ = {isa = PBXBuildFile; fileRef = 667F0DFD27730B6C008A7321 /* BookVC.swift */; };
		667F0E0227744C8C008A7321 /* DoctorTableUserVC.swift in Sources */ = {isa = PBXBuildFile; fileRef = 667F0E0127744C8C008A7321 /* DoctorTableUserVC.swift */; };
		667F0E0527744EC0008A7321 /* TableViewCellUser.swift in Sources */ = {isa = PBXBuildFile; fileRef = 667F0E0327744EC0008A7321 /* TableViewCellUser.swift */; };
		6692C9B32796D7B500DF5774 /* VisitHistoryTableVC.xib in Resources */ = {isa = PBXBuildFile; fileRef = 6692C9B52796D7B500DF5774 /* VisitHistoryTableVC.xib */; };
		6692C9BB2796D85200DF5774 /* TableViewCellUser.xib in Resources */ = {isa = PBXBuildFile; fileRef = 6692C9BD2796D85200DF5774 /* TableViewCellUser.xib */; };
		6692C9C62796DA1F00DF5774 /* TableViewCell.xib in Resources */ = {isa = PBXBuildFile; fileRef = 6692C9C82796DA1F00DF5774 /* TableViewCell.xib */; };
		6692C9CE2797F6A000DF5774 /* BundleKey.swift in Sources */ = {isa = PBXBuildFile; fileRef = 6692C9CD2797F6A000DF5774 /* BundleKey.swift */; };
		6693359E277B7FA400250B24 /* StaticV.swift in Sources */ = {isa = PBXBuildFile; fileRef = 6693359D277B7FA400250B24 /* StaticV.swift */; };
		66969CDF278DEF0000B18482 /* VisitHistoryAdminTableViewCell.xib in Resources */ = {isa = PBXBuildFile; fileRef = 66969CE1278DEF0000B18482 /* VisitHistoryAdminTableViewCell.xib */; };
		66B76BD3277880AB009B8443 /* LocationClinicUserVC.swift in Sources */ = {isa = PBXBuildFile; fileRef = 66B76BD2277880AB009B8443 /* LocationClinicUserVC.swift */; };
		66BFC870276755EA007E09E8 /* AppDelegate.swift in Sources */ = {isa = PBXBuildFile; fileRef = 66BFC86F276755EA007E09E8 /* AppDelegate.swift */; };
		66BFC872276755EA007E09E8 /* SceneDelegate.swift in Sources */ = {isa = PBXBuildFile; fileRef = 66BFC871276755EA007E09E8 /* SceneDelegate.swift */; };
		66BFC874276755EA007E09E8 /* StartVC.swift in Sources */ = {isa = PBXBuildFile; fileRef = 66BFC873276755EA007E09E8 /* StartVC.swift */; };
		66BFC877276755EA007E09E8 /* Main.storyboard in Resources */ = {isa = PBXBuildFile; fileRef = 66BFC875276755EA007E09E8 /* Main.storyboard */; };
		66BFC879276755EB007E09E8 /* Assets.xcassets in Resources */ = {isa = PBXBuildFile; fileRef = 66BFC878276755EB007E09E8 /* Assets.xcassets */; };
		66BFC87C276755EB007E09E8 /* LaunchScreen.storyboard in Resources */ = {isa = PBXBuildFile; fileRef = 66BFC87A276755EB007E09E8 /* LaunchScreen.storyboard */; };
		66BFC8842767562E007E09E8 /* SingUpVC.swift in Sources */ = {isa = PBXBuildFile; fileRef = 66BFC8832767562E007E09E8 /* SingUpVC.swift */; };
		66BFC88627675642007E09E8 /* LoginVC.swift in Sources */ = {isa = PBXBuildFile; fileRef = 66BFC88527675642007E09E8 /* LoginVC.swift */; };
		66BFC88827675651007E09E8 /* HomeVC.swift in Sources */ = {isa = PBXBuildFile; fileRef = 66BFC88727675651007E09E8 /* HomeVC.swift */; };
		66BFC88A27675CA1007E09E8 /* Utilities.swift in Sources */ = {isa = PBXBuildFile; fileRef = 66BFC88927675CA1007E09E8 /* Utilities.swift */; };
		66BFC88E27675FDC007E09E8 /* GoogleService-Info.plist in Resources */ = {isa = PBXBuildFile; fileRef = 66BFC88D27675FDC007E09E8 /* GoogleService-Info.plist */; };
		66BFC89027676698007E09E8 /* Constants.swift in Sources */ = {isa = PBXBuildFile; fileRef = 66BFC88F27676698007E09E8 /* Constants.swift */; };
		66BFC8992767A414007E09E8 /* UserModel.swift in Sources */ = {isa = PBXBuildFile; fileRef = 66BFC8982767A414007E09E8 /* UserModel.swift */; };
		66BFC89D27688068007E09E8 /* AddDoctorVC.swift in Sources */ = {isa = PBXBuildFile; fileRef = 66BFC89C27688068007E09E8 /* AddDoctorVC.swift */; };
		66BFC89F2768B28C007E09E8 /* DoctorModel.swift in Sources */ = {isa = PBXBuildFile; fileRef = 66BFC89E2768B28C007E09E8 /* DoctorModel.swift */; };
		66D1B75827904778006DB004 /* ForgetPasswordVC.swift in Sources */ = {isa = PBXBuildFile; fileRef = 66D1B75727904778006DB004 /* ForgetPasswordVC.swift */; };
		66ED16EB27745D5B009DFC2B /* AddBookUserVC.swift in Sources */ = {isa = PBXBuildFile; fileRef = 66ED16EA27745D5B009DFC2B /* AddBookUserVC.swift */; };
		66F3809A277D935700EA4E49 /* UILabel+Ext.swift in Sources */ = {isa = PBXBuildFile; fileRef = 66F38099277D935700EA4E49 /* UILabel+Ext.swift */; };
		66F3809E27821C3800EA4E49 /* ClinicData.swift in Sources */ = {isa = PBXBuildFile; fileRef = 66F3809D27821C3800EA4E49 /* ClinicData.swift */; };
		66FA2A1127730A1D0002D6DE /* AppoimentModel.swift in Sources */ = {isa = PBXBuildFile; fileRef = 66FA2A1027730A1D0002D6DE /* AppoimentModel.swift */; };
		66FA45ED2771E8B90007D4D7 /* PatientModel.swift in Sources */ = {isa = PBXBuildFile; fileRef = 66FA45EC2771E8B90007D4D7 /* PatientModel.swift */; };
		66FAB0E62789E7E4007F37B9 /* ConfirmedBooksModel.swift in Sources */ = {isa = PBXBuildFile; fileRef = 66FAB0E52789E7E4007F37B9 /* ConfirmedBooksModel.swift */; };
		66FAB0E82789E876007F37B9 /* MedicationModel.swift in Sources */ = {isa = PBXBuildFile; fileRef = 66FAB0E72789E876007F37B9 /* MedicationModel.swift */; };
		66FAB0EB278AC83B007F37B9 /* VisitHistoryAdminTableViewCell.swift in Sources */ = {isa = PBXBuildFile; fileRef = 66FAB0E9278AC83B007F37B9 /* VisitHistoryAdminTableViewCell.swift */; };
		66FC9AA52779A88B003041FF /* MyMedicalFileVC.swift in Sources */ = {isa = PBXBuildFile; fileRef = 66FC9AA42779A88B003041FF /* MyMedicalFileVC.swift */; };
		66FC9AA72779B203003041FF /* VisitHistoryTableAdminVC.swift in Sources */ = {isa = PBXBuildFile; fileRef = 66FC9AA62779B203003041FF /* VisitHistoryTableAdminVC.swift */; };
		66FC9AA92779CA45003041FF /* AddMedicationVC.swift in Sources */ = {isa = PBXBuildFile; fileRef = 66FC9AA82779CA45003041FF /* AddMedicationVC.swift */; };
		66FC9AAB2779CABF003041FF /* MedicationUserVC.swift in Sources */ = {isa = PBXBuildFile; fileRef = 66FC9AAA2779CABF003041FF /* MedicationUserVC.swift */; };
		66FD2D84277C399B0006ADE9 /* TimeVC.swift in Sources */ = {isa = PBXBuildFile; fileRef = 66FD2D83277C399B0006ADE9 /* TimeVC.swift */; };
		A927DC392796276000CFC257 /* Localizable.strings in Resources */ = {isa = PBXBuildFile; fileRef = A927DC3B2796276000CFC257 /* Localizable.strings */; };
/* End PBXBuildFile section */

/* Begin PBXFileReference section */
		1DEDF164A482F8F2A638F135 /* Pods_Clinic.framework */ = {isa = PBXFileReference; explicitFileType = wrapper.framework; includeInIndex = 0; path = Pods_Clinic.framework; sourceTree = BUILT_PRODUCTS_DIR; };
		331188C9521164502CB57B84 /* Pods-Clinic.release.xcconfig */ = {isa = PBXFileReference; includeInIndex = 1; lastKnownFileType = text.xcconfig; name = "Pods-Clinic.release.xcconfig"; path = "Target Support Files/Pods-Clinic/Pods-Clinic.release.xcconfig"; sourceTree = "<group>"; };
		50AA65F015780F9632DDF6F9 /* Pods-Clinic.debug.xcconfig */ = {isa = PBXFileReference; includeInIndex = 1; lastKnownFileType = text.xcconfig; name = "Pods-Clinic.debug.xcconfig"; path = "Target Support Files/Pods-Clinic/Pods-Clinic.debug.xcconfig"; sourceTree = "<group>"; };
		6618832E27843A2B001B11E9 /* VisitHistoryTableVC.swift */ = {isa = PBXFileReference; lastKnownFileType = sourcecode.swift; path = VisitHistoryTableVC.swift; sourceTree = "<group>"; };
		6618833227843B51001B11E9 /* VisitHistoryTableUserVC.swift */ = {isa = PBXFileReference; lastKnownFileType = sourcecode.swift; path = VisitHistoryTableUserVC.swift; sourceTree = "<group>"; };
		661C363C277C3E5F000D8DF4 /* UITextField+Ext.swift */ = {isa = PBXFileReference; lastKnownFileType = sourcecode.swift; path = "UITextField+Ext.swift"; sourceTree = "<group>"; };
		661E2126277C4F4800ACA852 /* Error+Ext.swift */ = {isa = PBXFileReference; lastKnownFileType = sourcecode.swift; path = "Error+Ext.swift"; sourceTree = "<group>"; };
		663A16E42771AEBA00002D9A /* AddBookVC.swift */ = {isa = PBXFileReference; lastKnownFileType = sourcecode.swift; path = AddBookVC.swift; sourceTree = "<group>"; };
		663FF485276F0F900012D275 /* LocationClinicVC.swift */ = {isa = PBXFileReference; lastKnownFileType = sourcecode.swift; path = LocationClinicVC.swift; sourceTree = "<group>"; };
		663FF487276F0FD20012D275 /* EditLocationVC.swift */ = {isa = PBXFileReference; lastKnownFileType = sourcecode.swift; path = EditLocationVC.swift; sourceTree = "<group>"; };
		664320792769E24800C137C1 /* DoctorsTableVC.swift */ = {isa = PBXFileReference; lastKnownFileType = sourcecode.swift; path = DoctorsTableVC.swift; sourceTree = "<group>"; };
		6643207B2769F92500C137C1 /* UIViewController+Ext.swift */ = {isa = PBXFileReference; lastKnownFileType = sourcecode.swift; path = "UIViewController+Ext.swift"; sourceTree = "<group>"; };
		664A336F276F580B0050EDB3 /* LocationModel.swift */ = {isa = PBXFileReference; lastKnownFileType = sourcecode.swift; path = LocationModel.swift; sourceTree = "<group>"; };
		664A33712770EEA70050EDB3 /* CellProtocol.swift */ = {isa = PBXFileReference; lastKnownFileType = sourcecode.swift; path = CellProtocol.swift; sourceTree = "<group>"; };
		6650BEC627874E3E00CE6C06 /* AdminHomeVC.swift */ = {isa = PBXFileReference; lastKnownFileType = sourcecode.swift; path = AdminHomeVC.swift; sourceTree = "<group>"; };
		6679F183276A44DC0031ECA5 /* TableViewCell.swift */ = {isa = PBXFileReference; lastKnownFileType = sourcecode.swift; path = TableViewCell.swift; sourceTree = "<group>"; };
		667F0DFD27730B6C008A7321 /* BookVC.swift */ = {isa = PBXFileReference; lastKnownFileType = sourcecode.swift; path = BookVC.swift; sourceTree = "<group>"; };
		667F0E0127744C8C008A7321 /* DoctorTableUserVC.swift */ = {isa = PBXFileReference; lastKnownFileType = sourcecode.swift; path = DoctorTableUserVC.swift; sourceTree = "<group>"; };
		667F0E0327744EC0008A7321 /* TableViewCellUser.swift */ = {isa = PBXFileReference; lastKnownFileType = sourcecode.swift; path = TableViewCellUser.swift; sourceTree = "<group>"; };
		6692C9B22796D71000DF5774 /* ar */ = {isa = PBXFileReference; lastKnownFileType = text.plist.strings; name = ar; path = ar.lproj/VisitHistoryAdminTableViewCell.strings; sourceTree = "<group>"; };
		6692C9B82796D7D200DF5774 /* Base */ = {isa = PBXFileReference; lastKnownFileType = file.xib; name = Base; path = Base.lproj/VisitHistoryTableVC.xib; sourceTree = "<group>"; };
		6692C9BA2796D80400DF5774 /* ar */ = {isa = PBXFileReference; lastKnownFileType = text.plist.strings; name = ar; path = ar.lproj/VisitHistoryTableVC.strings; sourceTree = "<group>"; };
		6692C9BE2796D85600DF5774 /* Base */ = {isa = PBXFileReference; lastKnownFileType = file.xib; name = Base; path = Base.lproj/TableViewCellUser.xib; sourceTree = "<group>"; };
		6692C9C02796D87C00DF5774 /* ar */ = {isa = PBXFileReference; lastKnownFileType = text.plist.strings; name = ar; path = ar.lproj/TableViewCellUser.strings; sourceTree = "<group>"; };
		6692C9C72796DA1F00DF5774 /* Base */ = {isa = PBXFileReference; lastKnownFileType = file.xib; name = Base; path = Base.lproj/TableViewCell.xib; sourceTree = "<group>"; };
		6692C9CA2796DA2400DF5774 /* ar */ = {isa = PBXFileReference; lastKnownFileType = text.plist.strings; name = ar; path = ar.lproj/TableViewCell.strings; sourceTree = "<group>"; };
		6692C9CD2797F6A000DF5774 /* BundleKey.swift */ = {isa = PBXFileReference; lastKnownFileType = sourcecode.swift; path = BundleKey.swift; sourceTree = "<group>"; };
		6692C9CF27982E3700DF5774 /* en */ = {isa = PBXFileReference; lastKnownFileType = text.plist.strings; name = en; path = en.lproj/Main.strings; sourceTree = "<group>"; };
		6692C9D027982E3E00DF5774 /* en */ = {isa = PBXFileReference; lastKnownFileType = text.plist.strings; name = en; path = en.lproj/VisitHistoryAdminTableViewCell.strings; sourceTree = "<group>"; };
		6692C9D127982E4300DF5774 /* en */ = {isa = PBXFileReference; lastKnownFileType = text.plist.strings; name = en; path = en.lproj/VisitHistoryTableVC.strings; sourceTree = "<group>"; };
		6692C9D327982E4800DF5774 /* en */ = {isa = PBXFileReference; lastKnownFileType = text.plist.strings; name = en; path = en.lproj/TableViewCellUser.strings; sourceTree = "<group>"; };
		6692C9D527982E4C00DF5774 /* en */ = {isa = PBXFileReference; lastKnownFileType = text.plist.strings; name = en; path = en.lproj/TableViewCell.strings; sourceTree = "<group>"; };
		6693359D277B7FA400250B24 /* StaticV.swift */ = {isa = PBXFileReference; lastKnownFileType = sourcecode.swift; path = StaticV.swift; sourceTree = "<group>"; };
		66B76BD2277880AB009B8443 /* LocationClinicUserVC.swift */ = {isa = PBXFileReference; lastKnownFileType = sourcecode.swift; path = LocationClinicUserVC.swift; sourceTree = "<group>"; };
		66BFC86C276755EA007E09E8 /* Clinic.app */ = {isa = PBXFileReference; explicitFileType = wrapper.application; includeInIndex = 0; path = Clinic.app; sourceTree = BUILT_PRODUCTS_DIR; };
		66BFC86F276755EA007E09E8 /* AppDelegate.swift */ = {isa = PBXFileReference; lastKnownFileType = sourcecode.swift; path = AppDelegate.swift; sourceTree = "<group>"; };
		66BFC871276755EA007E09E8 /* SceneDelegate.swift */ = {isa = PBXFileReference; lastKnownFileType = sourcecode.swift; path = SceneDelegate.swift; sourceTree = "<group>"; };
		66BFC873276755EA007E09E8 /* StartVC.swift */ = {isa = PBXFileReference; lastKnownFileType = sourcecode.swift; path = StartVC.swift; sourceTree = "<group>"; };
		66BFC878276755EB007E09E8 /* Assets.xcassets */ = {isa = PBXFileReference; lastKnownFileType = folder.assetcatalog; path = Assets.xcassets; sourceTree = "<group>"; };
		66BFC87D276755EB007E09E8 /* Info.plist */ = {isa = PBXFileReference; lastKnownFileType = text.plist.xml; path = Info.plist; sourceTree = "<group>"; };
		66BFC8832767562E007E09E8 /* SingUpVC.swift */ = {isa = PBXFileReference; lastKnownFileType = sourcecode.swift; path = SingUpVC.swift; sourceTree = "<group>"; };
		66BFC88527675642007E09E8 /* LoginVC.swift */ = {isa = PBXFileReference; lastKnownFileType = sourcecode.swift; path = LoginVC.swift; sourceTree = "<group>"; };
		66BFC88727675651007E09E8 /* HomeVC.swift */ = {isa = PBXFileReference; lastKnownFileType = sourcecode.swift; path = HomeVC.swift; sourceTree = "<group>"; };
		66BFC88927675CA1007E09E8 /* Utilities.swift */ = {isa = PBXFileReference; fileEncoding = 4; lastKnownFileType = sourcecode.swift; path = Utilities.swift; sourceTree = "<group>"; };
		66BFC88D27675FDC007E09E8 /* GoogleService-Info.plist */ = {isa = PBXFileReference; fileEncoding = 4; lastKnownFileType = text.plist.xml; path = "GoogleService-Info.plist"; sourceTree = "<group>"; };
		66BFC88F27676698007E09E8 /* Constants.swift */ = {isa = PBXFileReference; fileEncoding = 4; lastKnownFileType = sourcecode.swift; path = Constants.swift; sourceTree = "<group>"; };
		66BFC8982767A414007E09E8 /* UserModel.swift */ = {isa = PBXFileReference; lastKnownFileType = sourcecode.swift; path = UserModel.swift; sourceTree = "<group>"; };
		66BFC89C27688068007E09E8 /* AddDoctorVC.swift */ = {isa = PBXFileReference; lastKnownFileType = sourcecode.swift; path = AddDoctorVC.swift; sourceTree = "<group>"; };
		66BFC89E2768B28C007E09E8 /* DoctorModel.swift */ = {isa = PBXFileReference; lastKnownFileType = sourcecode.swift; path = DoctorModel.swift; sourceTree = "<group>"; };
		66D1B75727904778006DB004 /* ForgetPasswordVC.swift */ = {isa = PBXFileReference; lastKnownFileType = sourcecode.swift; path = ForgetPasswordVC.swift; sourceTree = "<group>"; };
		66ED16EA27745D5B009DFC2B /* AddBookUserVC.swift */ = {isa = PBXFileReference; lastKnownFileType = sourcecode.swift; path = AddBookUserVC.swift; sourceTree = "<group>"; };
		66F38099277D935700EA4E49 /* UILabel+Ext.swift */ = {isa = PBXFileReference; lastKnownFileType = sourcecode.swift; path = "UILabel+Ext.swift"; sourceTree = "<group>"; };
		66F3809D27821C3800EA4E49 /* ClinicData.swift */ = {isa = PBXFileReference; lastKnownFileType = sourcecode.swift; path = ClinicData.swift; sourceTree = "<group>"; };
		66FA2A1027730A1D0002D6DE /* AppoimentModel.swift */ = {isa = PBXFileReference; lastKnownFileType = sourcecode.swift; path = AppoimentModel.swift; sourceTree = "<group>"; };
		66FA45EC2771E8B90007D4D7 /* PatientModel.swift */ = {isa = PBXFileReference; lastKnownFileType = sourcecode.swift; path = PatientModel.swift; sourceTree = "<group>"; };
		66FAB0E52789E7E4007F37B9 /* ConfirmedBooksModel.swift */ = {isa = PBXFileReference; lastKnownFileType = sourcecode.swift; path = ConfirmedBooksModel.swift; sourceTree = "<group>"; };
		66FAB0E72789E876007F37B9 /* MedicationModel.swift */ = {isa = PBXFileReference; lastKnownFileType = sourcecode.swift; path = MedicationModel.swift; sourceTree = "<group>"; };
		66FAB0E9278AC83B007F37B9 /* VisitHistoryAdminTableViewCell.swift */ = {isa = PBXFileReference; lastKnownFileType = sourcecode.swift; path = VisitHistoryAdminTableViewCell.swift; sourceTree = "<group>"; };
		66FC9AA42779A88B003041FF /* MyMedicalFileVC.swift */ = {isa = PBXFileReference; lastKnownFileType = sourcecode.swift; path = MyMedicalFileVC.swift; sourceTree = "<group>"; };
		66FC9AA62779B203003041FF /* VisitHistoryTableAdminVC.swift */ = {isa = PBXFileReference; lastKnownFileType = sourcecode.swift; path = VisitHistoryTableAdminVC.swift; sourceTree = "<group>"; };
		66FC9AA82779CA45003041FF /* AddMedicationVC.swift */ = {isa = PBXFileReference; lastKnownFileType = sourcecode.swift; path = AddMedicationVC.swift; sourceTree = "<group>"; };
		66FC9AAA2779CABF003041FF /* MedicationUserVC.swift */ = {isa = PBXFileReference; lastKnownFileType = sourcecode.swift; path = MedicationUserVC.swift; sourceTree = "<group>"; };
		66FD2D83277C399B0006ADE9 /* TimeVC.swift */ = {isa = PBXFileReference; lastKnownFileType = sourcecode.swift; path = TimeVC.swift; sourceTree = "<group>"; };
		A927DC2E2796223400CFC257 /* Base */ = {isa = PBXFileReference; lastKnownFileType = file.storyboard; name = Base; path = Base.lproj/Main.storyboard; sourceTree = "<group>"; };
		A927DC2F2796223400CFC257 /* Base */ = {isa = PBXFileReference; lastKnownFileType = file.storyboard; name = Base; path = Base.lproj/LaunchScreen.storyboard; sourceTree = "<group>"; };
		A927DC302796223400CFC257 /* Base */ = {isa = PBXFileReference; lastKnownFileType = file.xib; name = Base; path = Base.lproj/VisitHistoryAdminTableViewCell.xib; sourceTree = "<group>"; };
		A927DC35279626D700CFC257 /* ar */ = {isa = PBXFileReference; lastKnownFileType = text.plist.strings; name = ar; path = ar.lproj/Main.strings; sourceTree = "<group>"; };
		A927DC3A2796276000CFC257 /* en */ = {isa = PBXFileReference; lastKnownFileType = text.plist.strings; name = en; path = en.lproj/Localizable.strings; sourceTree = "<group>"; };
		A927DC3C2796276200CFC257 /* ar */ = {isa = PBXFileReference; lastKnownFileType = text.plist.strings; name = ar; path = ar.lproj/Localizable.strings; sourceTree = "<group>"; };
/* End PBXFileReference section */

/* Begin PBXFrameworksBuildPhase section */
		66BFC869276755EA007E09E8 /* Frameworks */ = {
			isa = PBXFrameworksBuildPhase;
			buildActionMask = 2147483647;
			files = (
				25350E070D76EFA3830E3CA1 /* Pods_Clinic.framework in Frameworks */,
			);
			runOnlyForDeploymentPostprocessing = 0;
		};
/* End PBXFrameworksBuildPhase section */

/* Begin PBXGroup section */
		3151ABB05D4EE09225313ABD /* Frameworks */ = {
			isa = PBXGroup;
			children = (
				1DEDF164A482F8F2A638F135 /* Pods_Clinic.framework */,
			);
			name = Frameworks;
			sourceTree = "<group>";
		};
		661C363E277C45C7000D8DF4 /* Helpers */ = {
			isa = PBXGroup;
			children = (
				66BFC88927675CA1007E09E8 /* Utilities.swift */,
			);
			path = Helpers;
			sourceTree = "<group>";
		};
		6673096A2771E3EE00A25045 /* Protocol */ = {
			isa = PBXGroup;
			children = (
				664A33712770EEA70050EDB3 /* CellProtocol.swift */,
			);
			path = Protocol;
			sourceTree = "<group>";
		};
		66969CDA278DBF3E00B18482 /* Custom_Views */ = {
			isa = PBXGroup;
			children = (
				66969CDB278DBFF900B18482 /* TableDoctorCell_Admin */,
				66969CDC278DC02B00B18482 /* TableDoctorCell_User */,
				66969CDD278DC05300B18482 /* VisitHistoryTable_User */,
				66969CDE278DC07300B18482 /* VisitHistoryTable_Admin */,
			);
			path = Custom_Views;
			sourceTree = "<group>";
		};
		66969CDB278DBFF900B18482 /* TableDoctorCell_Admin */ = {
			isa = PBXGroup;
			children = (
				6679F183276A44DC0031ECA5 /* TableViewCell.swift */,
				6692C9C82796DA1F00DF5774 /* TableViewCell.xib */,
			);
			path = TableDoctorCell_Admin;
			sourceTree = "<group>";
		};
		66969CDC278DC02B00B18482 /* TableDoctorCell_User */ = {
			isa = PBXGroup;
			children = (
				667F0E0327744EC0008A7321 /* TableViewCellUser.swift */,
				6692C9BD2796D85200DF5774 /* TableViewCellUser.xib */,
			);
			path = TableDoctorCell_User;
			sourceTree = "<group>";
		};
		66969CDD278DC05300B18482 /* VisitHistoryTable_User */ = {
			isa = PBXGroup;
			children = (
				6618832E27843A2B001B11E9 /* VisitHistoryTableVC.swift */,
				6692C9B52796D7B500DF5774 /* VisitHistoryTableVC.xib */,
			);
			path = VisitHistoryTable_User;
			sourceTree = "<group>";
		};
		66969CDE278DC07300B18482 /* VisitHistoryTable_Admin */ = {
			isa = PBXGroup;
			children = (
				66969CE1278DEF0000B18482 /* VisitHistoryAdminTableViewCell.xib */,
				66FAB0E9278AC83B007F37B9 /* VisitHistoryAdminTableViewCell.swift */,
			);
			path = VisitHistoryTable_Admin;
			sourceTree = "<group>";
		};
		66BFC863276755EA007E09E8 = {
			isa = PBXGroup;
			children = (
				66BFC86E276755EA007E09E8 /* Clinic */,
				66BFC86D276755EA007E09E8 /* Products */,
				825A7E53F568794908CD4275 /* Pods */,
				3151ABB05D4EE09225313ABD /* Frameworks */,
			);
			sourceTree = "<group>";
		};
		66BFC86D276755EA007E09E8 /* Products */ = {
			isa = PBXGroup;
			children = (
				66BFC86C276755EA007E09E8 /* Clinic.app */,
			);
			name = Products;
			sourceTree = "<group>";
		};
		66BFC86E276755EA007E09E8 /* Clinic */ = {
			isa = PBXGroup;
			children = (
				66FD2D85277C3AE80006ADE9 /* Common */,
				6673096A2771E3EE00A25045 /* Protocol */,
				66BFC8972767A3FF007E09E8 /* Model */,
				66BFC88C27675CBF007E09E8 /* Screens */,
				66BFC896276788FD007E09E8 /* Views */,
				66BFC88B27675CAE007E09E8 /* Helper */,
				66BFC86F276755EA007E09E8 /* AppDelegate.swift */,
				66BFC871276755EA007E09E8 /* SceneDelegate.swift */,
				66BFC878276755EB007E09E8 /* Assets.xcassets */,
				66BFC88D27675FDC007E09E8 /* GoogleService-Info.plist */,
				66BFC87D276755EB007E09E8 /* Info.plist */,
				A927DC3B2796276000CFC257 /* Localizable.strings */,
			);
			path = Clinic;
			sourceTree = "<group>";
		};
		66BFC88B27675CAE007E09E8 /* Helper */ = {
			isa = PBXGroup;
			children = (
				6693359D277B7FA400250B24 /* StaticV.swift */,
			);
			path = Helper;
			sourceTree = "<group>";
		};
		66BFC88C27675CBF007E09E8 /* Screens */ = {
			isa = PBXGroup;
			children = (
				66FD2D7B277C37D10006ADE9 /* Authentication */,
				66FD2D7C277C37F20006ADE9 /* Book */,
				66FD2D7F277C38600006ADE9 /* ClinicLocation */,
				66969CDA278DBF3E00B18482 /* Custom_Views */,
				66FD2D7E277C38440006ADE9 /* Doctor */,
				66FD2D7D277C38120006ADE9 /* Medication */,
				66FD2D81277C38A90006ADE9 /* Medical_File */,
				66FD2D82277C39390006ADE9 /* Visit_History */,
			);
			path = Screens;
			sourceTree = "<group>";
		};
		66BFC896276788FD007E09E8 /* Views */ = {
			isa = PBXGroup;
			children = (
				66BFC875276755EA007E09E8 /* Main.storyboard */,
				66BFC87A276755EB007E09E8 /* LaunchScreen.storyboard */,
			);
			path = Views;
			sourceTree = "<group>";
		};
		66BFC8972767A3FF007E09E8 /* Model */ = {
			isa = PBXGroup;
			children = (
				66BFC8982767A414007E09E8 /* UserModel.swift */,
				66BFC89E2768B28C007E09E8 /* DoctorModel.swift */,
				664A336F276F580B0050EDB3 /* LocationModel.swift */,
				66FA45EC2771E8B90007D4D7 /* PatientModel.swift */,
				66FA2A1027730A1D0002D6DE /* AppoimentModel.swift */,
				66F3809D27821C3800EA4E49 /* ClinicData.swift */,
				66FAB0E52789E7E4007F37B9 /* ConfirmedBooksModel.swift */,
				66FAB0E72789E876007F37B9 /* MedicationModel.swift */,
			);
			path = Model;
			sourceTree = "<group>";
		};
		66FD2D7B277C37D10006ADE9 /* Authentication */ = {
			isa = PBXGroup;
			children = (
				66BFC88527675642007E09E8 /* LoginVC.swift */,
				66BFC873276755EA007E09E8 /* StartVC.swift */,
				66BFC88727675651007E09E8 /* HomeVC.swift */,
				66BFC8832767562E007E09E8 /* SingUpVC.swift */,
				6650BEC627874E3E00CE6C06 /* AdminHomeVC.swift */,
				66D1B75727904778006DB004 /* ForgetPasswordVC.swift */,
			);
			path = Authentication;
			sourceTree = "<group>";
		};
		66FD2D7C277C37F20006ADE9 /* Book */ = {
			isa = PBXGroup;
			children = (
				663A16E42771AEBA00002D9A /* AddBookVC.swift */,
				66ED16EA27745D5B009DFC2B /* AddBookUserVC.swift */,
				667F0DFD27730B6C008A7321 /* BookVC.swift */,
				66FD2D83277C399B0006ADE9 /* TimeVC.swift */,
			);
			path = Book;
			sourceTree = "<group>";
		};
		66FD2D7D277C38120006ADE9 /* Medication */ = {
			isa = PBXGroup;
			children = (
				66FC9AA82779CA45003041FF /* AddMedicationVC.swift */,
				66FC9AAA2779CABF003041FF /* MedicationUserVC.swift */,
			);
			path = Medication;
			sourceTree = "<group>";
		};
		66FD2D7E277C38440006ADE9 /* Doctor */ = {
			isa = PBXGroup;
			children = (
				664320792769E24800C137C1 /* DoctorsTableVC.swift */,
				667F0E0127744C8C008A7321 /* DoctorTableUserVC.swift */,
				66BFC89C27688068007E09E8 /* AddDoctorVC.swift */,
			);
			path = Doctor;
			sourceTree = "<group>";
		};
		66FD2D7F277C38600006ADE9 /* ClinicLocation */ = {
			isa = PBXGroup;
			children = (
				663FF485276F0F900012D275 /* LocationClinicVC.swift */,
				663FF487276F0FD20012D275 /* EditLocationVC.swift */,
				66B76BD2277880AB009B8443 /* LocationClinicUserVC.swift */,
			);
			path = ClinicLocation;
			sourceTree = "<group>";
		};
		66FD2D81277C38A90006ADE9 /* Medical_File */ = {
			isa = PBXGroup;
			children = (
				66FC9AA42779A88B003041FF /* MyMedicalFileVC.swift */,
			);
			path = Medical_File;
			sourceTree = "<group>";
		};
		66FD2D82277C39390006ADE9 /* Visit_History */ = {
			isa = PBXGroup;
			children = (
				6618833227843B51001B11E9 /* VisitHistoryTableUserVC.swift */,
				66FC9AA62779B203003041FF /* VisitHistoryTableAdminVC.swift */,
			);
			path = Visit_History;
			sourceTree = "<group>";
		};
		66FD2D85277C3AE80006ADE9 /* Common */ = {
			isa = PBXGroup;
			children = (
				66BFC88F27676698007E09E8 /* Constants.swift */,
				6692C9CD2797F6A000DF5774 /* BundleKey.swift */,
				661C363E277C45C7000D8DF4 /* Helpers */,
				66FD2D86277C3AF40006ADE9 /* Extensions */,
			);
			path = Common;
			sourceTree = "<group>";
		};
		66FD2D86277C3AF40006ADE9 /* Extensions */ = {
			isa = PBXGroup;
			children = (
				6643207B2769F92500C137C1 /* UIViewController+Ext.swift */,
				661C363C277C3E5F000D8DF4 /* UITextField+Ext.swift */,
				661E2126277C4F4800ACA852 /* Error+Ext.swift */,
				66F38099277D935700EA4E49 /* UILabel+Ext.swift */,
			);
			path = Extensions;
			sourceTree = "<group>";
		};
		825A7E53F568794908CD4275 /* Pods */ = {
			isa = PBXGroup;
			children = (
				50AA65F015780F9632DDF6F9 /* Pods-Clinic.debug.xcconfig */,
				331188C9521164502CB57B84 /* Pods-Clinic.release.xcconfig */,
			);
			path = Pods;
			sourceTree = "<group>";
		};
/* End PBXGroup section */

/* Begin PBXNativeTarget section */
		66BFC86B276755EA007E09E8 /* Clinic */ = {
			isa = PBXNativeTarget;
			buildConfigurationList = 66BFC880276755EB007E09E8 /* Build configuration list for PBXNativeTarget "Clinic" */;
			buildPhases = (
				407D643979C7E097EDEF7464 /* [CP] Check Pods Manifest.lock */,
				66BFC868276755EA007E09E8 /* Sources */,
				66BFC869276755EA007E09E8 /* Frameworks */,
				66BFC86A276755EA007E09E8 /* Resources */,
				2D06F876A46B640AC25EDEB5 /* [CP] Embed Pods Frameworks */,
			);
			buildRules = (
			);
			dependencies = (
			);
			name = Clinic;
			productName = Clinic;
			productReference = 66BFC86C276755EA007E09E8 /* Clinic.app */;
			productType = "com.apple.product-type.application";
		};
/* End PBXNativeTarget section */

/* Begin PBXProject section */
		66BFC864276755EA007E09E8 /* Project object */ = {
			isa = PBXProject;
			attributes = {
				LastSwiftUpdateCheck = 1250;
				LastUpgradeCheck = 1250;
				TargetAttributes = {
					66BFC86B276755EA007E09E8 = {
						CreatedOnToolsVersion = 12.5;
					};
				};
			};
			buildConfigurationList = 66BFC867276755EA007E09E8 /* Build configuration list for PBXProject "Clinic" */;
			compatibilityVersion = "Xcode 9.3";
			developmentRegion = en;
			hasScannedForEncodings = 0;
			knownRegions = (
				en,
				Base,
				ar,
			);
			mainGroup = 66BFC863276755EA007E09E8;
			productRefGroup = 66BFC86D276755EA007E09E8 /* Products */;
			projectDirPath = "";
			projectRoot = "";
			targets = (
				66BFC86B276755EA007E09E8 /* Clinic */,
			);
		};
/* End PBXProject section */

/* Begin PBXResourcesBuildPhase section */
		66BFC86A276755EA007E09E8 /* Resources */ = {
			isa = PBXResourcesBuildPhase;
			buildActionMask = 2147483647;
			files = (
				66969CDF278DEF0000B18482 /* VisitHistoryAdminTableViewCell.xib in Resources */,
				6692C9B32796D7B500DF5774 /* VisitHistoryTableVC.xib in Resources */,
				6692C9BB2796D85200DF5774 /* TableViewCellUser.xib in Resources */,
				A927DC392796276000CFC257 /* Localizable.strings in Resources */,
				6692C9C62796DA1F00DF5774 /* TableViewCell.xib in Resources */,
				66BFC87C276755EB007E09E8 /* LaunchScreen.storyboard in Resources */,
				66BFC88E27675FDC007E09E8 /* GoogleService-Info.plist in Resources */,
				66BFC879276755EB007E09E8 /* Assets.xcassets in Resources */,
				66BFC877276755EA007E09E8 /* Main.storyboard in Resources */,
			);
			runOnlyForDeploymentPostprocessing = 0;
		};
/* End PBXResourcesBuildPhase section */

/* Begin PBXShellScriptBuildPhase section */
		2D06F876A46B640AC25EDEB5 /* [CP] Embed Pods Frameworks */ = {
			isa = PBXShellScriptBuildPhase;
			buildActionMask = 12;
			files = (
			);
			inputFileListPaths = (
				"${PODS_ROOT}/Target Support Files/Pods-Clinic/Pods-Clinic-frameworks-${CONFIGURATION}-input-files.xcfilelist",
			);
			name = "[CP] Embed Pods Frameworks";
			outputFileListPaths = (
				"${PODS_ROOT}/Target Support Files/Pods-Clinic/Pods-Clinic-frameworks-${CONFIGURATION}-output-files.xcfilelist",
			);
			runOnlyForDeploymentPostprocessing = 0;
			shellPath = /bin/sh;
			shellScript = "\"${PODS_ROOT}/Target Support Files/Pods-Clinic/Pods-Clinic-frameworks.sh\"\n";
			showEnvVarsInLog = 0;
		};
		407D643979C7E097EDEF7464 /* [CP] Check Pods Manifest.lock */ = {
			isa = PBXShellScriptBuildPhase;
			buildActionMask = 2147483647;
			files = (
			);
			inputFileListPaths = (
			);
			inputPaths = (
				"${PODS_PODFILE_DIR_PATH}/Podfile.lock",
				"${PODS_ROOT}/Manifest.lock",
			);
			name = "[CP] Check Pods Manifest.lock";
			outputFileListPaths = (
			);
			outputPaths = (
				"$(DERIVED_FILE_DIR)/Pods-Clinic-checkManifestLockResult.txt",
			);
			runOnlyForDeploymentPostprocessing = 0;
			shellPath = /bin/sh;
			shellScript = "diff \"${PODS_PODFILE_DIR_PATH}/Podfile.lock\" \"${PODS_ROOT}/Manifest.lock\" > /dev/null\nif [ $? != 0 ] ; then\n    # print error to STDERR\n    echo \"error: The sandbox is not in sync with the Podfile.lock. Run 'pod install' or update your CocoaPods installation.\" >&2\n    exit 1\nfi\n# This output is used by Xcode 'outputs' to avoid re-running this script phase.\necho \"SUCCESS\" > \"${SCRIPT_OUTPUT_FILE_0}\"\n";
			showEnvVarsInLog = 0;
		};
/* End PBXShellScriptBuildPhase section */

/* Begin PBXSourcesBuildPhase section */
		66BFC868276755EA007E09E8 /* Sources */ = {
			isa = PBXSourcesBuildPhase;
			buildActionMask = 2147483647;
			files = (
				66B76BD3277880AB009B8443 /* LocationClinicUserVC.swift in Sources */,
				66FD2D84277C399B0006ADE9 /* TimeVC.swift in Sources */,
				66ED16EB27745D5B009DFC2B /* AddBookUserVC.swift in Sources */,
				6679F185276A44DC0031ECA5 /* TableViewCell.swift in Sources */,
				66FA2A1127730A1D0002D6DE /* AppoimentModel.swift in Sources */,
				66FC9AAB2779CABF003041FF /* MedicationUserVC.swift in Sources */,
				664A33722770EEA70050EDB3 /* CellProtocol.swift in Sources */,
				6618833027843A2B001B11E9 /* VisitHistoryTableVC.swift in Sources */,
				66F3809E27821C3800EA4E49 /* ClinicData.swift in Sources */,
				6618833327843B51001B11E9 /* VisitHistoryTableUserVC.swift in Sources */,
				6693359E277B7FA400250B24 /* StaticV.swift in Sources */,
				6643207A2769E24800C137C1 /* DoctorsTableVC.swift in Sources */,
				661E2127277C4F4800ACA852 /* Error+Ext.swift in Sources */,
				667F0E0527744EC0008A7321 /* TableViewCellUser.swift in Sources */,
				66FAB0EB278AC83B007F37B9 /* VisitHistoryAdminTableViewCell.swift in Sources */,
				663FF488276F0FD20012D275 /* EditLocationVC.swift in Sources */,
				66BFC874276755EA007E09E8 /* StartVC.swift in Sources */,
				663FF486276F0F900012D275 /* LocationClinicVC.swift in Sources */,
				661C363D277C3E5F000D8DF4 /* UITextField+Ext.swift in Sources */,
				66FAB0E62789E7E4007F37B9 /* ConfirmedBooksModel.swift in Sources */,
				663A16E52771AEBA00002D9A /* AddBookVC.swift in Sources */,
				66BFC870276755EA007E09E8 /* AppDelegate.swift in Sources */,
				66BFC88A27675CA1007E09E8 /* Utilities.swift in Sources */,
				66BFC89D27688068007E09E8 /* AddDoctorVC.swift in Sources */,
				66BFC8842767562E007E09E8 /* SingUpVC.swift in Sources */,
				66FC9AA52779A88B003041FF /* MyMedicalFileVC.swift in Sources */,
				66BFC88627675642007E09E8 /* LoginVC.swift in Sources */,
				6650BEC727874E3E00CE6C06 /* AdminHomeVC.swift in Sources */,
				667F0DFE27730B6C008A7321 /* BookVC.swift in Sources */,
				66BFC872276755EA007E09E8 /* SceneDelegate.swift in Sources */,
				66BFC88827675651007E09E8 /* HomeVC.swift in Sources */,
				66BFC8992767A414007E09E8 /* UserModel.swift in Sources */,
				66FC9AA72779B203003041FF /* VisitHistoryTableAdminVC.swift in Sources */,
				6692C9CE2797F6A000DF5774 /* BundleKey.swift in Sources */,
				667F0E0227744C8C008A7321 /* DoctorTableUserVC.swift in Sources */,
				66D1B75827904778006DB004 /* ForgetPasswordVC.swift in Sources */,
				66FA45ED2771E8B90007D4D7 /* PatientModel.swift in Sources */,
				66FC9AA92779CA45003041FF /* AddMedicationVC.swift in Sources */,
				66FAB0E82789E876007F37B9 /* MedicationModel.swift in Sources */,
				6643207C2769F92500C137C1 /* UIViewController+Ext.swift in Sources */,
				66BFC89027676698007E09E8 /* Constants.swift in Sources */,
				664A3370276F580B0050EDB3 /* LocationModel.swift in Sources */,
				66BFC89F2768B28C007E09E8 /* DoctorModel.swift in Sources */,
				66F3809A277D935700EA4E49 /* UILabel+Ext.swift in Sources */,
			);
			runOnlyForDeploymentPostprocessing = 0;
		};
/* End PBXSourcesBuildPhase section */

/* Begin PBXVariantGroup section */
		6692C9B52796D7B500DF5774 /* VisitHistoryTableVC.xib */ = {
			isa = PBXVariantGroup;
			children = (
				6692C9B82796D7D200DF5774 /* Base */,
				6692C9BA2796D80400DF5774 /* ar */,
				6692C9D127982E4300DF5774 /* en */,
			);
			name = VisitHistoryTableVC.xib;
			sourceTree = "<group>";
		};
		6692C9BD2796D85200DF5774 /* TableViewCellUser.xib */ = {
			isa = PBXVariantGroup;
			children = (
				6692C9BE2796D85600DF5774 /* Base */,
				6692C9C02796D87C00DF5774 /* ar */,
				6692C9D327982E4800DF5774 /* en */,
			);
			name = TableViewCellUser.xib;
			sourceTree = "<group>";
		};
		6692C9C82796DA1F00DF5774 /* TableViewCell.xib */ = {
			isa = PBXVariantGroup;
			children = (
				6692C9C72796DA1F00DF5774 /* Base */,
				6692C9CA2796DA2400DF5774 /* ar */,
				6692C9D527982E4C00DF5774 /* en */,
			);
			name = TableViewCell.xib;
			sourceTree = "<group>";
		};
		66969CE1278DEF0000B18482 /* VisitHistoryAdminTableViewCell.xib */ = {
			isa = PBXVariantGroup;
			children = (
				A927DC302796223400CFC257 /* Base */,
				6692C9B22796D71000DF5774 /* ar */,
				6692C9D027982E3E00DF5774 /* en */,
			);
			name = VisitHistoryAdminTableViewCell.xib;
			sourceTree = "<group>";
		};
		66BFC875276755EA007E09E8 /* Main.storyboard */ = {
			isa = PBXVariantGroup;
			children = (
				A927DC2E2796223400CFC257 /* Base */,
				A927DC35279626D700CFC257 /* ar */,
				6692C9CF27982E3700DF5774 /* en */,
			);
			name = Main.storyboard;
			sourceTree = "<group>";
		};
		66BFC87A276755EB007E09E8 /* LaunchScreen.storyboard */ = {
			isa = PBXVariantGroup;
			children = (
				A927DC2F2796223400CFC257 /* Base */,
			);
			name = LaunchScreen.storyboard;
			sourceTree = "<group>";
		};
		A927DC3B2796276000CFC257 /* Localizable.strings */ = {
			isa = PBXVariantGroup;
			children = (
				A927DC3A2796276000CFC257 /* en */,
				A927DC3C2796276200CFC257 /* ar */,
			);
			name = Localizable.strings;
			sourceTree = "<group>";
		};
/* End PBXVariantGroup section */

/* Begin XCBuildConfiguration section */
		66BFC87E276755EB007E09E8 /* Debug */ = {
			isa = XCBuildConfiguration;
			buildSettings = {
				ALWAYS_SEARCH_USER_PATHS = NO;
				CLANG_ANALYZER_LOCALIZABILITY_NONLOCALIZED = YES;
				CLANG_ANALYZER_NONNULL = YES;
				CLANG_ANALYZER_NUMBER_OBJECT_CONVERSION = YES_AGGRESSIVE;
				CLANG_CXX_LANGUAGE_STANDARD = "gnu++14";
				CLANG_CXX_LIBRARY = "libc++";
				CLANG_ENABLE_MODULES = YES;
				CLANG_ENABLE_OBJC_ARC = YES;
				CLANG_ENABLE_OBJC_WEAK = YES;
				CLANG_WARN_BLOCK_CAPTURE_AUTORELEASING = YES;
				CLANG_WARN_BOOL_CONVERSION = YES;
				CLANG_WARN_COMMA = YES;
				CLANG_WARN_CONSTANT_CONVERSION = YES;
				CLANG_WARN_DEPRECATED_OBJC_IMPLEMENTATIONS = YES;
				CLANG_WARN_DIRECT_OBJC_ISA_USAGE = YES_ERROR;
				CLANG_WARN_DOCUMENTATION_COMMENTS = YES;
				CLANG_WARN_EMPTY_BODY = YES;
				CLANG_WARN_ENUM_CONVERSION = YES;
				CLANG_WARN_INFINITE_RECURSION = YES;
				CLANG_WARN_INT_CONVERSION = YES;
				CLANG_WARN_NON_LITERAL_NULL_CONVERSION = YES;
				CLANG_WARN_OBJC_IMPLICIT_RETAIN_SELF = YES;
				CLANG_WARN_OBJC_LITERAL_CONVERSION = YES;
				CLANG_WARN_OBJC_ROOT_CLASS = YES_ERROR;
				CLANG_WARN_QUOTED_INCLUDE_IN_FRAMEWORK_HEADER = YES;
				CLANG_WARN_RANGE_LOOP_ANALYSIS = YES;
				CLANG_WARN_STRICT_PROTOTYPES = YES;
				CLANG_WARN_SUSPICIOUS_MOVE = YES;
				CLANG_WARN_UNGUARDED_AVAILABILITY = YES_AGGRESSIVE;
				CLANG_WARN_UNREACHABLE_CODE = YES;
				CLANG_WARN__DUPLICATE_METHOD_MATCH = YES;
				COPY_PHASE_STRIP = NO;
				DEBUG_INFORMATION_FORMAT = dwarf;
				ENABLE_STRICT_OBJC_MSGSEND = YES;
				ENABLE_TESTABILITY = YES;
				GCC_C_LANGUAGE_STANDARD = gnu11;
				GCC_DYNAMIC_NO_PIC = NO;
				GCC_NO_COMMON_BLOCKS = YES;
				GCC_OPTIMIZATION_LEVEL = 0;
				GCC_PREPROCESSOR_DEFINITIONS = (
					"DEBUG=1",
					"$(inherited)",
				);
				GCC_WARN_64_TO_32_BIT_CONVERSION = YES;
				GCC_WARN_ABOUT_RETURN_TYPE = YES_ERROR;
				GCC_WARN_UNDECLARED_SELECTOR = YES;
				GCC_WARN_UNINITIALIZED_AUTOS = YES_AGGRESSIVE;
				GCC_WARN_UNUSED_FUNCTION = YES;
				GCC_WARN_UNUSED_VARIABLE = YES;
				IPHONEOS_DEPLOYMENT_TARGET = 14.5;
				MTL_ENABLE_DEBUG_INFO = INCLUDE_SOURCE;
				MTL_FAST_MATH = YES;
				ONLY_ACTIVE_ARCH = YES;
				SDKROOT = iphoneos;
				SWIFT_ACTIVE_COMPILATION_CONDITIONS = DEBUG;
				SWIFT_OPTIMIZATION_LEVEL = "-Onone";
			};
			name = Debug;
		};
		66BFC87F276755EB007E09E8 /* Release */ = {
			isa = XCBuildConfiguration;
			buildSettings = {
				ALWAYS_SEARCH_USER_PATHS = NO;
				CLANG_ANALYZER_LOCALIZABILITY_NONLOCALIZED = YES;
				CLANG_ANALYZER_NONNULL = YES;
				CLANG_ANALYZER_NUMBER_OBJECT_CONVERSION = YES_AGGRESSIVE;
				CLANG_CXX_LANGUAGE_STANDARD = "gnu++14";
				CLANG_CXX_LIBRARY = "libc++";
				CLANG_ENABLE_MODULES = YES;
				CLANG_ENABLE_OBJC_ARC = YES;
				CLANG_ENABLE_OBJC_WEAK = YES;
				CLANG_WARN_BLOCK_CAPTURE_AUTORELEASING = YES;
				CLANG_WARN_BOOL_CONVERSION = YES;
				CLANG_WARN_COMMA = YES;
				CLANG_WARN_CONSTANT_CONVERSION = YES;
				CLANG_WARN_DEPRECATED_OBJC_IMPLEMENTATIONS = YES;
				CLANG_WARN_DIRECT_OBJC_ISA_USAGE = YES_ERROR;
				CLANG_WARN_DOCUMENTATION_COMMENTS = YES;
				CLANG_WARN_EMPTY_BODY = YES;
				CLANG_WARN_ENUM_CONVERSION = YES;
				CLANG_WARN_INFINITE_RECURSION = YES;
				CLANG_WARN_INT_CONVERSION = YES;
				CLANG_WARN_NON_LITERAL_NULL_CONVERSION = YES;
				CLANG_WARN_OBJC_IMPLICIT_RETAIN_SELF = YES;
				CLANG_WARN_OBJC_LITERAL_CONVERSION = YES;
				CLANG_WARN_OBJC_ROOT_CLASS = YES_ERROR;
				CLANG_WARN_QUOTED_INCLUDE_IN_FRAMEWORK_HEADER = YES;
				CLANG_WARN_RANGE_LOOP_ANALYSIS = YES;
				CLANG_WARN_STRICT_PROTOTYPES = YES;
				CLANG_WARN_SUSPICIOUS_MOVE = YES;
				CLANG_WARN_UNGUARDED_AVAILABILITY = YES_AGGRESSIVE;
				CLANG_WARN_UNREACHABLE_CODE = YES;
				CLANG_WARN__DUPLICATE_METHOD_MATCH = YES;
				COPY_PHASE_STRIP = NO;
				DEBUG_INFORMATION_FORMAT = "dwarf-with-dsym";
				ENABLE_NS_ASSERTIONS = NO;
				ENABLE_STRICT_OBJC_MSGSEND = YES;
				GCC_C_LANGUAGE_STANDARD = gnu11;
				GCC_NO_COMMON_BLOCKS = YES;
				GCC_WARN_64_TO_32_BIT_CONVERSION = YES;
				GCC_WARN_ABOUT_RETURN_TYPE = YES_ERROR;
				GCC_WARN_UNDECLARED_SELECTOR = YES;
				GCC_WARN_UNINITIALIZED_AUTOS = YES_AGGRESSIVE;
				GCC_WARN_UNUSED_FUNCTION = YES;
				GCC_WARN_UNUSED_VARIABLE = YES;
				IPHONEOS_DEPLOYMENT_TARGET = 14.5;
				MTL_ENABLE_DEBUG_INFO = NO;
				MTL_FAST_MATH = YES;
				SDKROOT = iphoneos;
				SWIFT_COMPILATION_MODE = wholemodule;
				SWIFT_OPTIMIZATION_LEVEL = "-O";
				VALIDATE_PRODUCT = YES;
			};
			name = Release;
		};
		66BFC881276755EB007E09E8 /* Debug */ = {
			isa = XCBuildConfiguration;
			baseConfigurationReference = 50AA65F015780F9632DDF6F9 /* Pods-Clinic.debug.xcconfig */;
			buildSettings = {
				ASSETCATALOG_COMPILER_APPICON_NAME = AppIcon;
				ASSETCATALOG_COMPILER_GLOBAL_ACCENT_COLOR_NAME = AccentColor;
				CODE_SIGN_STYLE = Automatic;
				DEVELOPMENT_TEAM = MRVR22ZQ43;
				INFOPLIST_FILE = Clinic/Info.plist;
				LD_RUNPATH_SEARCH_PATHS = (
					"$(inherited)",
					"@executable_path/Frameworks",
				);
				PRODUCT_BUNDLE_IDENTIFIER = com.resam.Clinic;
				PRODUCT_NAME = "$(TARGET_NAME)";
				SWIFT_VERSION = 5.0;
				TARGETED_DEVICE_FAMILY = "1,2";
			};
			name = Debug;
		};
		66BFC882276755EB007E09E8 /* Release */ = {
			isa = XCBuildConfiguration;
			baseConfigurationReference = 331188C9521164502CB57B84 /* Pods-Clinic.release.xcconfig */;
			buildSettings = {
				ASSETCATALOG_COMPILER_APPICON_NAME = AppIcon;
				ASSETCATALOG_COMPILER_GLOBAL_ACCENT_COLOR_NAME = AccentColor;
				CODE_SIGN_STYLE = Automatic;
				DEVELOPMENT_TEAM = MRVR22ZQ43;
				INFOPLIST_FILE = Clinic/Info.plist;
				LD_RUNPATH_SEARCH_PATHS = (
					"$(inherited)",
					"@executable_path/Frameworks",
				);
				PRODUCT_BUNDLE_IDENTIFIER = com.resam.Clinic;
				PRODUCT_NAME = "$(TARGET_NAME)";
				SWIFT_VERSION = 5.0;
				TARGETED_DEVICE_FAMILY = "1,2";
			};
			name = Release;
		};
/* End XCBuildConfiguration section */

/* Begin XCConfigurationList section */
		66BFC867276755EA007E09E8 /* Build configuration list for PBXProject "Clinic" */ = {
			isa = XCConfigurationList;
			buildConfigurations = (
				66BFC87E276755EB007E09E8 /* Debug */,
				66BFC87F276755EB007E09E8 /* Release */,
			);
			defaultConfigurationIsVisible = 0;
			defaultConfigurationName = Release;
		};
		66BFC880276755EB007E09E8 /* Build configuration list for PBXNativeTarget "Clinic" */ = {
			isa = XCConfigurationList;
			buildConfigurations = (
				66BFC881276755EB007E09E8 /* Debug */,
				66BFC882276755EB007E09E8 /* Release */,
			);
			defaultConfigurationIsVisible = 0;
			defaultConfigurationName = Release;
		};
/* End XCConfigurationList section */
	};
	rootObject = 66BFC864276755EA007E09E8 /* Project object */;
}
